
Microsoft Visual Studio Solution File, Format Version 12.00
# Visual Studio 15
VisualStudioVersion = 15.0.28010.2026
MinimumVisualStudioVersion = 10.0.40219.1
Project("{9A19103F-16F7-4668-BE54-9A1E7A4F7556}") = "StreamingWebshop.Core", "StreamingWebshop.Core\StreamingWebshop.Core.csproj", "{8DAC95E1-8901-45FF-96FE-9794AA2B0229}"
EndProject
Project("{2150E333-8FDC-42A3-9474-1A3956D46DE8}") = "Core", "Core", "{F62A811A-BE6C-4B99-997F-1B1A4B90ECBA}"
EndProject
Project("{9A19103F-16F7-4668-BE54-9A1E7A4F7556}") = "StreamingWebshop.Core.Entity", "StreamingWebshop.Core.Entity\StreamingWebshop.Core.Entity.csproj", "{D9FDDA4F-0DA4-47AB-91B3-27F1DAE75B25}"
EndProject
Project("{2150E333-8FDC-42A3-9474-1A3956D46DE8}") = "Infrastructure", "Infrastructure", "{63227311-9AE8-4CAB-B39F-7033BB4433ED}"
EndProject
Project("{9A19103F-16F7-4668-BE54-9A1E7A4F7556}") = "StreamingWebshop.Infrastructure.Data", "StreamingWebshop.Infrastructure.Data\StreamingWebshop.Infrastructure.Data.csproj", "{E25A42C9-C524-456D-B622-0A46E57E5A81}"
EndProject
Project("{2150E333-8FDC-42A3-9474-1A3956D46DE8}") = "UI", "UI", "{A9D34652-B93E-43CF-851B-F711F64A73D4}"
EndProject
Project("{9A19103F-16F7-4668-BE54-9A1E7A4F7556}") = "StreamShopRestAPI", "StreamShopRestAPI\StreamShopRestAPI.csproj", "{F84BF044-82BE-462B-B534-F2DF2B4CFDFA}"
EndProject
Global
	GlobalSection(SolutionConfigurationPlatforms) = preSolution
		Debug|Any CPU = Debug|Any CPU
		Release|Any CPU = Release|Any CPU
	EndGlobalSection
	GlobalSection(ProjectConfigurationPlatforms) = postSolution
		{8DAC95E1-8901-45FF-96FE-9794AA2B0229}.Debug|Any CPU.ActiveCfg = Release|Any CPU
		{8DAC95E1-8901-45FF-96FE-9794AA2B0229}.Debug|Any CPU.Build.0 = Release|Any CPU
		{8DAC95E1-8901-45FF-96FE-9794AA2B0229}.Release|Any CPU.ActiveCfg = Debug|Any CPU
		{8DAC95E1-8901-45FF-96FE-9794AA2B0229}.Release|Any CPU.Build.0 = Debug|Any CPU
		{D9FDDA4F-0DA4-47AB-91B3-27F1DAE75B25}.Debug|Any CPU.ActiveCfg = Release|Any CPU
		{D9FDDA4F-0DA4-47AB-91B3-27F1DAE75B25}.Debug|Any CPU.Build.0 = Release|Any CPU
		{D9FDDA4F-0DA4-47AB-91B3-27F1DAE75B25}.Release|Any CPU.ActiveCfg = Debug|Any CPU
		{D9FDDA4F-0DA4-47AB-91B3-27F1DAE75B25}.Release|Any CPU.Build.0 = Debug|Any CPU
		{E25A42C9-C524-456D-B622-0A46E57E5A81}.Debug|Any CPU.ActiveCfg = Release|Any CPU
		{E25A42C9-C524-456D-B622-0A46E57E5A81}.Debug|Any CPU.Build.0 = Release|Any CPU
		{E25A42C9-C524-456D-B622-0A46E57E5A81}.Release|Any CPU.ActiveCfg = Debug|Any CPU
		{E25A42C9-C524-456D-B622-0A46E57E5A81}.Release|Any CPU.Build.0 = Debug|Any CPU
		{F84BF044-82BE-462B-B534-F2DF2B4CFDFA}.Debug|Any CPU.ActiveCfg = Release|Any CPU
		{F84BF044-82BE-462B-B534-F2DF2B4CFDFA}.Debug|Any CPU.Build.0 = Release|Any CPU
		{F84BF044-82BE-462B-B534-F2DF2B4CFDFA}.Release|Any CPU.ActiveCfg = Debug|Any CPU
		{F84BF044-82BE-462B-B534-F2DF2B4CFDFA}.Release|Any CPU.Build.0 = Debug|Any CPU
	EndGlobalSection
	GlobalSection(SolutionProperties) = preSolution
		HideSolutionNode = FALSE
	EndGlobalSection
	GlobalSection(NestedProjects) = preSolution
		{8DAC95E1-8901-45FF-96FE-9794AA2B0229} = {F62A811A-BE6C-4B99-997F-1B1A4B90ECBA}
		{D9FDDA4F-0DA4-47AB-91B3-27F1DAE75B25} = {F62A811A-BE6C-4B99-997F-1B1A4B90ECBA}
		{E25A42C9-C524-456D-B622-0A46E57E5A81} = {63227311-9AE8-4CAB-B39F-7033BB4433ED}
		{F84BF044-82BE-462B-B534-F2DF2B4CFDFA} = {A9D34652-B93E-43CF-851B-F711F64A73D4}
	EndGlobalSection
	GlobalSection(ExtensibilityGlobals) = postSolution
		SolutionGuid = {4EEC0ADF-814C-4749-85FF-CD43A21A3E64}
	EndGlobalSection
EndGlobal
